Microsoft Visual Studio Solution File, Format Version 12.00
# Visual Studio Version 17
VisualStudioVersion = 17.5.2.0
MinimumVisualStudioVersion = 10.0.40219.1
Project("{FAE04EC0-301F-11D3-BF4B-00C04F79EFBC}") = "CognomeNomeAPI", "CognomeNomeAPI.csproj", "{86CC2C5E-C32B-41C2-9411-E86C28476ADE}"
EndProject
Project("{2150E333-8FDC-42A3-9474-1A3956D46DE8}") = "tests", "tests", "{0AB3BF05-4346-4AA6-1389-037BE0695223}"
EndProject
Project("{FAE04EC0-301F-11D3-BF4B-00C04F79EFBC}") = "IntegrationTests", "tests\IntegrationTests\IntegrationTests.csproj", "{FF77485D-96D1-B1AA-B58F-3986BE3ADB27}"
EndProject
Project("{FAE04EC0-301F-11D3-BF4B-00C04F79EFBC}") = "UnitTests", "tests\UnitTests\UnitTests.csproj", "{9D1DD2CD-7B04-4472-4377-027563F356CA}"
EndProject
Global
	GlobalSection(SolutionConfigurationPlatforms) = preSolution
		Debug|Any CPU = Debug|Any CPU
		Release|Any CPU = Release|Any CPU
	EndGlobalSection
	GlobalSection(ProjectConfigurationPlatforms) = postSolution
		{86CC2C5E-C32B-41C2-9411-E86C28476ADE}.Debug|Any CPU.ActiveCfg = Debug|Any CPU
		{86CC2C5E-C32B-41C2-9411-E86C28476ADE}.Debug|Any CPU.Build.0 = Debug|Any CPU
		{86CC2C5E-C32B-41C2-9411-E86C28476ADE}.Release|Any CPU.ActiveCfg = Release|Any CPU
		{86CC2C5E-C32B-41C2-9411-E86C28476ADE}.Release|Any CPU.Build.0 = Release|Any CPU
		{FF77485D-96D1-B1AA-B58F-3986BE3ADB27}.Debug|Any CPU.ActiveCfg = Debug|Any CPU
		{FF77485D-96D1-B1AA-B58F-3986BE3ADB27}.Debug|Any CPU.Build.0 = Debug|Any CPU
		{FF77485D-96D1-B1AA-B58F-3986BE3ADB27}.Release|Any CPU.ActiveCfg = Release|Any CPU
		{FF77485D-96D1-B1AA-B58F-3986BE3ADB27}.Release|Any CPU.Build.0 = Release|Any CPU
		{9D1DD2CD-7B04-4472-4377-027563F356CA}.Debug|Any CPU.ActiveCfg = Debug|Any CPU
		{9D1DD2CD-7B04-4472-4377-027563F356CA}.Debug|Any CPU.Build.0 = Debug|Any CPU
		{9D1DD2CD-7B04-4472-4377-027563F356CA}.Release|Any CPU.ActiveCfg = Release|Any CPU
		{9D1DD2CD-7B04-4472-4377-027563F356CA}.Release|Any CPU.Build.0 = Release|Any CPU
	EndGlobalSection
	GlobalSection(SolutionProperties) = preSolution
		HideSolutionNode = FALSE
	EndGlobalSection
	GlobalSection(NestedProjects) = preSolution
		{FF77485D-96D1-B1AA-B58F-3986BE3ADB27} = {0AB3BF05-4346-4AA6-1389-037BE0695223}
		{9D1DD2CD-7B04-4472-4377-027563F356CA} = {0AB3BF05-4346-4AA6-1389-037BE0695223}
	EndGlobalSection
	GlobalSection(ExtensibilityGlobals) = postSolution
		SolutionGuid = {46827B83-569E-4B0C-A79B-931443722341}
	EndGlobalSection
EndGlobal
